{
  "version": 4,
  "terraform_version": "1.10.5",
  "serial": 12,
  "lineage": "3d9707c1-4494-0a6a-7e63-f1ea26ec3e54",
  "outputs": {},
  "resources": [
    {
      "mode": "data",
      "type": "aws_subnet_ids",
      "name": "default",
      "provider": "provider[\"registry.terraform.io/hashicorp/aws\"]",
      "instances": [
        {
          "schema_version": 0,
          "attributes": {
            "filter": null,
            "id": "vpc-0006de140fc2ad0ac",
            "ids": [
              "subnet-054ea19408e3e77d2",
              "subnet-08a950927fb67de30",
              "subnet-09df0e4232a0c1f0d"
            ],
            "tags": null,
            "timeouts": null,
            "vpc_id": "vpc-0006de140fc2ad0ac"
          },
          "sensitive_attributes": []
        }
      ]
    },
    {
      "mode": "data",
      "type": "aws_vpc",
      "name": "default",
      "provider": "provider[\"registry.terraform.io/hashicorp/aws\"]",
      "instances": [
        {
          "schema_version": 0,
          "attributes": {
            "arn": "arn:aws:ec2:us-east-2:838403094252:vpc/vpc-0006de140fc2ad0ac",
            "cidr_block": "172.31.0.0/16",
            "cidr_block_associations": [
              {
                "association_id": "vpc-cidr-assoc-0e9993ad92c3ac045",
                "cidr_block": "172.31.0.0/16",
                "state": "associated"
              }
            ],
            "default": true,
            "dhcp_options_id": "dopt-091cf2779ab514292",
            "enable_dns_hostnames": true,
            "enable_dns_support": true,
            "enable_network_address_usage_metrics": false,
            "filter": null,
            "id": "vpc-0006de140fc2ad0ac",
            "instance_tenancy": "default",
            "ipv6_association_id": "vpc-cidr-assoc-02648f1667ba788c8",
            "ipv6_cidr_block": "2600:1f16:124f:7700::/56",
            "main_route_table_id": "rtb-00cd03c9809070d15",
            "owner_id": "838403094252",
            "state": null,
            "tags": {},
            "timeouts": null
          },
          "sensitive_attributes": []
        }
      ]
    },
    {
      "mode": "managed",
      "type": "aws_eip",
      "name": "node_eip",
      "provider": "provider[\"registry.terraform.io/hashicorp/aws\"]",
      "instances": [
        {
          "index_key": 0,
          "schema_version": 0,
          "attributes": {
            "address": null,
            "allocation_id": "eipalloc-0644b1c963e86e58e",
            "associate_with_private_ip": null,
            "association_id": "eipassoc-0d5ab0cdfdafaafec",
            "carrier_ip": "",
            "customer_owned_ip": "",
            "customer_owned_ipv4_pool": "",
            "domain": "vpc",
            "id": "eipalloc-0644b1c963e86e58e",
            "instance": "i-09467eb954f34bf33",
            "network_border_group": "us-east-2",
            "network_interface": "eni-0747a39d18cd1a085",
            "private_dns": "ip-172-31-27-102.us-east-2.compute.internal",
            "private_ip": "172.31.27.102",
            "public_dns": "ec2-3-130-84-12.us-east-2.compute.amazonaws.com",
            "public_ip": "3.130.84.12",
            "public_ipv4_pool": "amazon",
            "tags": null,
            "tags_all": {},
            "timeouts": null,
            "vpc": true
          },
          "sensitive_attributes": [],
          "private": "eyJlMmJmYjczMC1lY2FhLTExZTYtOGY4OC0zNDM2M2JjN2M0YzAiOnsiZGVsZXRlIjoxODAwMDAwMDAwMDAsInJlYWQiOjkwMDAwMDAwMDAwMCwidXBkYXRlIjozMDAwMDAwMDAwMDB9fQ==",
          "dependencies": [
            "aws_instance.node",
            "aws_key_pair.deployer",
            "aws_security_group.nodes_sg",
            "data.aws_subnet_ids.default",
            "data.aws_vpc.default"
          ]
        },
        {
          "index_key": 1,
          "schema_version": 0,
          "attributes": {
            "address": null,
            "allocation_id": "eipalloc-0f47845f920285bd4",
            "associate_with_private_ip": null,
            "association_id": "eipassoc-04d381548ee3cf9d3",
            "carrier_ip": "",
            "customer_owned_ip": "",
            "customer_owned_ipv4_pool": "",
            "domain": "vpc",
            "id": "eipalloc-0f47845f920285bd4",
            "instance": "i-0f068633ecf262368",
            "network_border_group": "us-east-2",
            "network_interface": "eni-0155af7fa88b388ac",
            "private_dns": "ip-172-31-28-141.us-east-2.compute.internal",
            "private_ip": "172.31.28.141",
            "public_dns": "ec2-3-15-77-2.us-east-2.compute.amazonaws.com",
            "public_ip": "3.15.77.2",
            "public_ipv4_pool": "amazon",
            "tags": null,
            "tags_all": {},
            "timeouts": null,
            "vpc": true
          },
          "sensitive_attributes": [],
          "private": "eyJlMmJmYjczMC1lY2FhLTExZTYtOGY4OC0zNDM2M2JjN2M0YzAiOnsiZGVsZXRlIjoxODAwMDAwMDAwMDAsInJlYWQiOjkwMDAwMDAwMDAwMCwidXBkYXRlIjozMDAwMDAwMDAwMDB9fQ==",
          "dependencies": [
            "aws_instance.node",
            "aws_key_pair.deployer",
            "aws_security_group.nodes_sg",
            "data.aws_subnet_ids.default",
            "data.aws_vpc.default"
          ]
        },
        {
          "index_key": 2,
          "schema_version": 0,
          "attributes": {
            "address": null,
            "allocation_id": "eipalloc-04d32b4904bfce054",
            "associate_with_private_ip": null,
            "association_id": "eipassoc-090ba210145a81931",
            "carrier_ip": "",
            "customer_owned_ip": "",
            "customer_owned_ipv4_pool": "",
            "domain": "vpc",
            "id": "eipalloc-04d32b4904bfce054",
            "instance": "i-029ff1b02cebed79f",
            "network_border_group": "us-east-2",
            "network_interface": "eni-0e9af366d7cc1631f",
            "private_dns": "ip-172-31-19-203.us-east-2.compute.internal",
            "private_ip": "172.31.19.203",
            "public_dns": "ec2-3-136-250-252.us-east-2.compute.amazonaws.com",
            "public_ip": "3.136.250.252",
            "public_ipv4_pool": "amazon",
            "tags": null,
            "tags_all": {},
            "timeouts": null,
            "vpc": true
          },
          "sensitive_attributes": [],
          "private": "eyJlMmJmYjczMC1lY2FhLTExZTYtOGY4OC0zNDM2M2JjN2M0YzAiOnsiZGVsZXRlIjoxODAwMDAwMDAwMDAsInJlYWQiOjkwMDAwMDAwMDAwMCwidXBkYXRlIjozMDAwMDAwMDAwMDB9fQ==",
          "dependencies": [
            "aws_instance.node",
            "aws_key_pair.deployer",
            "aws_security_group.nodes_sg",
            "data.aws_subnet_ids.default",
            "data.aws_vpc.default"
          ]
        }
      ]
    },
    {
      "mode": "managed",
      "type": "aws_instance",
      "name": "node",
      "provider": "provider[\"registry.terraform.io/hashicorp/aws\"]",
      "instances": [
        {
          "index_key": 0,
          "schema_version": 1,
          "attributes": {
            "ami": "ami-036841078a4b68e14",
            "arn": "arn:aws:ec2:us-east-2:838403094252:instance/i-09467eb954f34bf33",
            "associate_public_ip_address": true,
            "availability_zone": "us-east-2b",
            "capacity_reservation_specification": [
              {
                "capacity_reservation_preference": "open",
                "capacity_reservation_target": []
              }
            ],
            "cpu_core_count": 1,
            "cpu_options": [
              {
                "amd_sev_snp": "",
                "core_count": 1,
                "threads_per_core": 2
              }
            ],
            "cpu_threads_per_core": 2,
            "credit_specification": [],
            "disable_api_stop": false,
            "disable_api_termination": false,
            "ebs_block_device": [],
            "ebs_optimized": false,
            "enclave_options": [
              {
                "enabled": false
              }
            ],
            "ephemeral_block_device": [],
            "get_password_data": false,
            "hibernation": false,
            "host_id": "",
            "host_resource_group_arn": null,
            "iam_instance_profile": "",
            "id": "i-09467eb954f34bf33",
            "instance_initiated_shutdown_behavior": "stop",
            "instance_state": "running",
            "instance_type": "r5ad.large",
            "ipv6_address_count": 1,
            "ipv6_addresses": [
              "2600:1f16:124f:7713:145f:c00e:38ad:7674"
            ],
            "key_name": "deployer-key",
            "launch_template": [],
            "maintenance_options": [
              {
                "auto_recovery": "default"
              }
            ],
            "metadata_options": [
              {
                "http_endpoint": "enabled",
                "http_put_response_hop_limit": 2,
                "http_tokens": "required",
                "instance_metadata_tags": "disabled"
              }
            ],
            "monitoring": false,
            "network_interface": [],
            "outpost_arn": "",
            "password_data": "",
            "placement_group": "",
            "placement_partition_number": 0,
            "primary_network_interface_id": "eni-0747a39d18cd1a085",
            "private_dns": "ip-172-31-27-102.us-east-2.compute.internal",
            "private_dns_name_options": [
              {
                "enable_resource_name_dns_a_record": false,
                "enable_resource_name_dns_aaaa_record": false,
                "hostname_type": "ip-name"
              }
            ],
            "private_ip": "172.31.27.102",
            "public_dns": "ec2-18-220-156-218.us-east-2.compute.amazonaws.com",
            "public_ip": "18.220.156.218",
            "root_block_device": [
              {
                "delete_on_termination": true,
                "device_name": "/dev/sda1",
                "encrypted": false,
                "iops": 3000,
                "kms_key_id": "",
                "tags": null,
                "throughput": 125,
                "volume_id": "vol-0d25985648ae1625c",
                "volume_size": 1000,
                "volume_type": "gp3"
              }
            ],
            "secondary_private_ips": [],
            "security_groups": [
              "nodes-sg"
            ],
            "source_dest_check": true,
            "subnet_id": "subnet-054ea19408e3e77d2",
            "tags": {
              "Name": "coqnet1"
            },
            "tags_all": {
              "Name": "coqnet1"
            },
            "tenancy": "default",
            "timeouts": null,
            "user_data": null,
            "user_data_base64": null,
            "user_data_replace_on_change": false,
            "volume_tags": null,
            "vpc_security_group_ids": [
              "sg-0ac6ca7cbbe0fe64b"
            ]
          },
          "sensitive_attributes": [],
          "private": "eyJlMmJmYjczMC1lY2FhLTExZTYtOGY4OC0zNDM2M2JjN2M0YzAiOnsiY3JlYXRlIjo2MDAwMDAwMDAwMDAsImRlbGV0ZSI6MTIwMDAwMDAwMDAwMCwidXBkYXRlIjo2MDAwMDAwMDAwMDB9LCJzY2hlbWFfdmVyc2lvbiI6IjEifQ==",
          "dependencies": [
            "aws_key_pair.deployer",
            "aws_security_group.nodes_sg",
            "data.aws_subnet_ids.default",
            "data.aws_vpc.default"
          ]
        },
        {
          "index_key": 1,
          "schema_version": 1,
          "attributes": {
            "ami": "ami-036841078a4b68e14",
            "arn": "arn:aws:ec2:us-east-2:838403094252:instance/i-0f068633ecf262368",
            "associate_public_ip_address": true,
            "availability_zone": "us-east-2b",
            "capacity_reservation_specification": [
              {
                "capacity_reservation_preference": "open",
                "capacity_reservation_target": []
              }
            ],
            "cpu_core_count": 1,
            "cpu_options": [
              {
                "amd_sev_snp": "",
                "core_count": 1,
                "threads_per_core": 2
              }
            ],
            "cpu_threads_per_core": 2,
            "credit_specification": [],
            "disable_api_stop": false,
            "disable_api_termination": false,
            "ebs_block_device": [],
            "ebs_optimized": false,
            "enclave_options": [
              {
                "enabled": false
              }
            ],
            "ephemeral_block_device": [],
            "get_password_data": false,
            "hibernation": false,
            "host_id": "",
            "host_resource_group_arn": null,
            "iam_instance_profile": "",
            "id": "i-0f068633ecf262368",
            "instance_initiated_shutdown_behavior": "stop",
            "instance_state": "running",
            "instance_type": "r5ad.large",
            "ipv6_address_count": 1,
            "ipv6_addresses": [
              "2600:1f16:124f:774f:2478:b56b:e570:6577"
            ],
            "key_name": "deployer-key",
            "launch_template": [],
            "maintenance_options": [
              {
                "auto_recovery": "default"
              }
            ],
            "metadata_options": [
              {
                "http_endpoint": "enabled",
                "http_put_response_hop_limit": 2,
                "http_tokens": "required",
                "instance_metadata_tags": "disabled"
              }
            ],
            "monitoring": false,
            "network_interface": [],
            "outpost_arn": "",
            "password_data": "",
            "placement_group": "",
            "placement_partition_number": 0,
            "primary_network_interface_id": "eni-0155af7fa88b388ac",
            "private_dns": "ip-172-31-28-141.us-east-2.compute.internal",
            "private_dns_name_options": [
              {
                "enable_resource_name_dns_a_record": false,
                "enable_resource_name_dns_aaaa_record": false,
                "hostname_type": "ip-name"
              }
            ],
            "private_ip": "172.31.28.141",
            "public_dns": "ec2-18-117-136-8.us-east-2.compute.amazonaws.com",
            "public_ip": "18.117.136.8",
            "root_block_device": [
              {
                "delete_on_termination": true,
                "device_name": "/dev/sda1",
                "encrypted": false,
                "iops": 3000,
                "kms_key_id": "",
                "tags": null,
                "throughput": 125,
                "volume_id": "vol-042eda30b24ac141d",
                "volume_size": 1000,
                "volume_type": "gp3"
              }
            ],
            "secondary_private_ips": [],
            "security_groups": [
              "nodes-sg"
            ],
            "source_dest_check": true,
            "subnet_id": "subnet-054ea19408e3e77d2",
            "tags": {
              "Name": "coqnet2"
            },
            "tags_all": {
              "Name": "coqnet2"
            },
            "tenancy": "default",
            "timeouts": null,
            "user_data": null,
            "user_data_base64": null,
            "user_data_replace_on_change": false,
            "volume_tags": null,
            "vpc_security_group_ids": [
              "sg-0ac6ca7cbbe0fe64b"
            ]
          },
          "sensitive_attributes": [],
          "private": "eyJlMmJmYjczMC1lY2FhLTExZTYtOGY4OC0zNDM2M2JjN2M0YzAiOnsiY3JlYXRlIjo2MDAwMDAwMDAwMDAsImRlbGV0ZSI6MTIwMDAwMDAwMDAwMCwidXBkYXRlIjo2MDAwMDAwMDAwMDB9LCJzY2hlbWFfdmVyc2lvbiI6IjEifQ==",
          "dependencies": [
            "aws_key_pair.deployer",
            "aws_security_group.nodes_sg",
            "data.aws_subnet_ids.default",
            "data.aws_vpc.default"
          ]
        },
        {
          "index_key": 2,
          "schema_version": 1,
          "attributes": {
            "ami": "ami-036841078a4b68e14",
            "arn": "arn:aws:ec2:us-east-2:838403094252:instance/i-029ff1b02cebed79f",
            "associate_public_ip_address": true,
            "availability_zone": "us-east-2b",
            "capacity_reservation_specification": [
              {
                "capacity_reservation_preference": "open",
                "capacity_reservation_target": []
              }
            ],
            "cpu_core_count": 1,
            "cpu_options": [
              {
                "amd_sev_snp": "",
                "core_count": 1,
                "threads_per_core": 2
              }
            ],
            "cpu_threads_per_core": 2,
            "credit_specification": [],
            "disable_api_stop": false,
            "disable_api_termination": false,
            "ebs_block_device": [],
            "ebs_optimized": false,
            "enclave_options": [
              {
                "enabled": false
              }
            ],
            "ephemeral_block_device": [],
            "get_password_data": false,
            "hibernation": false,
            "host_id": "",
            "host_resource_group_arn": null,
            "iam_instance_profile": "",
            "id": "i-029ff1b02cebed79f",
            "instance_initiated_shutdown_behavior": "stop",
            "instance_state": "running",
            "instance_type": "r5ad.large",
            "ipv6_address_count": 1,
            "ipv6_addresses": [
              "2600:1f16:124f:7798:a6cc:e427:7b92:2358"
            ],
            "key_name": "deployer-key",
            "launch_template": [],
            "maintenance_options": [
              {
                "auto_recovery": "default"
              }
            ],
            "metadata_options": [
              {
                "http_endpoint": "enabled",
                "http_put_response_hop_limit": 2,
                "http_tokens": "required",
                "instance_metadata_tags": "disabled"
              }
            ],
            "monitoring": false,
            "network_interface": [],
            "outpost_arn": "",
            "password_data": "",
            "placement_group": "",
            "placement_partition_number": 0,
            "primary_network_interface_id": "eni-0e9af366d7cc1631f",
            "private_dns": "ip-172-31-19-203.us-east-2.compute.internal",
            "private_dns_name_options": [
              {
                "enable_resource_name_dns_a_record": false,
                "enable_resource_name_dns_aaaa_record": false,
                "hostname_type": "ip-name"
              }
            ],
            "private_ip": "172.31.19.203",
            "public_dns": "ec2-18-224-20-15.us-east-2.compute.amazonaws.com",
            "public_ip": "18.224.20.15",
            "root_block_device": [
              {
                "delete_on_termination": true,
                "device_name": "/dev/sda1",
                "encrypted": false,
                "iops": 3000,
                "kms_key_id": "",
                "tags": null,
                "throughput": 125,
                "volume_id": "vol-0587fcd6ee96f4f14",
                "volume_size": 1000,
                "volume_type": "gp3"
              }
            ],
            "secondary_private_ips": [],
            "security_groups": [
              "nodes-sg"
            ],
            "source_dest_check": true,
            "subnet_id": "subnet-054ea19408e3e77d2",
            "tags": {
              "Name": "coqnet3"
            },
            "tags_all": {
              "Name": "coqnet3"
            },
            "tenancy": "default",
            "timeouts": null,
            "user_data": null,
            "user_data_base64": null,
            "user_data_replace_on_change": false,
            "volume_tags": null,
            "vpc_security_group_ids": [
              "sg-0ac6ca7cbbe0fe64b"
            ]
          },
          "sensitive_attributes": [],
          "private": "eyJlMmJmYjczMC1lY2FhLTExZTYtOGY4OC0zNDM2M2JjN2M0YzAiOnsiY3JlYXRlIjo2MDAwMDAwMDAwMDAsImRlbGV0ZSI6MTIwMDAwMDAwMDAwMCwidXBkYXRlIjo2MDAwMDAwMDAwMDB9LCJzY2hlbWFfdmVyc2lvbiI6IjEifQ==",
          "dependencies": [
            "aws_key_pair.deployer",
            "aws_security_group.nodes_sg",
            "data.aws_subnet_ids.default",
            "data.aws_vpc.default"
          ]
        }
      ]
    },
    {
      "mode": "managed",
      "type": "aws_key_pair",
      "name": "deployer",
      "provider": "provider[\"registry.terraform.io/hashicorp/aws\"]",
      "instances": [
        {
          "schema_version": 1,
          "attributes": {
            "arn": "arn:aws:ec2:us-east-2:838403094252:key-pair/deployer-key",
            "fingerprint": "rlXXw5s/ou9vKr+NNvRVC5vpqjmqGuTQOH142iBhzBk=",
            "id": "deployer-key",
            "key_name": "deployer-key",
            "key_name_prefix": "",
            "key_pair_id": "key-0d9a182558a70e1cb",
            "key_type": "ed25519",
            "public_key": "ssh-ed25519 AAAAC3NzaC1lZDI1NTE5AAAAIBRNxVCUcR0c1G0k7qymJ3qaXFBWHfbujt0HUqwHXNy2",
            "tags": null,
            "tags_all": {}
          },
          "sensitive_attributes": [],
          "private": "eyJzY2hlbWFfdmVyc2lvbiI6IjEifQ=="
        }
      ]
    },
    {
      "mode": "managed",
      "type": "aws_security_group",
      "name": "nodes_sg",
      "provider": "provider[\"registry.terraform.io/hashicorp/aws\"]",
      "instances": [
        {
          "schema_version": 1,
          "attributes": {
            "arn": "arn:aws:ec2:us-east-2:838403094252:security-group/sg-0ac6ca7cbbe0fe64b",
            "description": "Allow inbound TCP 22 and 9651",
            "egress": [
              {
                "cidr_blocks": [
                  "0.0.0.0/0"
                ],
                "description": "",
                "from_port": 0,
                "ipv6_cidr_blocks": [],
                "prefix_list_ids": [],
                "protocol": "-1",
                "security_groups": [],
                "self": false,
                "to_port": 0
              }
            ],
            "id": "sg-0ac6ca7cbbe0fe64b",
            "ingress": [
              {
                "cidr_blocks": [
                  "0.0.0.0/0"
                ],
                "description": "",
                "from_port": 22,
                "ipv6_cidr_blocks": [],
                "prefix_list_ids": [],
                "protocol": "tcp",
                "security_groups": [],
                "self": false,
                "to_port": 22
              },
              {
                "cidr_blocks": [
                  "0.0.0.0/0"
                ],
                "description": "",
                "from_port": 9651,
                "ipv6_cidr_blocks": [],
                "prefix_list_ids": [],
                "protocol": "tcp",
                "security_groups": [],
                "self": false,
                "to_port": 9651
              }
            ],
            "name": "nodes-sg",
            "name_prefix": "",
            "owner_id": "838403094252",
            "revoke_rules_on_delete": false,
            "tags": null,
            "tags_all": {},
            "timeouts": null,
            "vpc_id": "vpc-0006de140fc2ad0ac"
          },
          "sensitive_attributes": [],
          "private": "eyJlMmJmYjczMC1lY2FhLTExZTYtOGY4OC0zNDM2M2JjN2M0YzAiOnsiY3JlYXRlIjo2MDAwMDAwMDAwMDAsImRlbGV0ZSI6OTAwMDAwMDAwMDAwfSwic2NoZW1hX3ZlcnNpb24iOiIxIn0=",
          "dependencies": [
            "data.aws_vpc.default"
          ]
        }
      ]
    },
    {
      "mode": "managed",
      "type": "cloudflare_record",
      "name": "node_dns",
      "provider": "provider[\"registry.terraform.io/cloudflare/cloudflare\"]",
      "instances": [
        {
          "index_key": 0,
          "schema_version": 3,
          "attributes": {
            "allow_overwrite": false,
            "comment": "",
            "content": "3.130.84.12",
            "created_on": "2025-02-06T19:59:46.099906Z",
            "data": [],
            "hostname": "coqnet1.l1launcher.com",
            "id": "820d03b10641384e4d6f1c0102de7928",
            "metadata": {},
            "modified_on": "2025-02-06T19:59:46.099906Z",
            "name": "coqnet1.l1launcher.com",
            "priority": null,
            "proxiable": true,
            "proxied": false,
            "tags": null,
            "timeouts": null,
            "ttl": 300,
            "type": "A",
            "value": null,
            "zone_id": "bf77ec92e8637c2ddf663b0f81ef498e"
          },
          "sensitive_attributes": [],
          "private": "eyJlMmJmYjczMC1lY2FhLTExZTYtOGY4OC0zNDM2M2JjN2M0YzAiOnsiY3JlYXRlIjozMDAwMDAwMDAwMCwidXBkYXRlIjozMDAwMDAwMDAwMH0sInNjaGVtYV92ZXJzaW9uIjoiMyJ9",
          "dependencies": [
            "aws_eip.node_eip",
            "aws_instance.node",
            "aws_key_pair.deployer",
            "aws_security_group.nodes_sg",
            "data.aws_subnet_ids.default",
            "data.aws_vpc.default"
          ]
        },
        {
          "index_key": 1,
          "schema_version": 3,
          "attributes": {
            "allow_overwrite": false,
            "comment": "",
            "content": "3.15.77.2",
            "created_on": "2025-02-06T19:59:46.106796Z",
            "data": [],
            "hostname": "coqnet2.l1launcher.com",
            "id": "a01ae04ea7055542a1edf4c1f54fd95e",
            "metadata": {},
            "modified_on": "2025-02-06T19:59:46.106796Z",
            "name": "coqnet2.l1launcher.com",
            "priority": null,
            "proxiable": true,
            "proxied": false,
            "tags": null,
            "timeouts": null,
            "ttl": 300,
            "type": "A",
            "value": null,
            "zone_id": "bf77ec92e8637c2ddf663b0f81ef498e"
          },
          "sensitive_attributes": [],
          "private": "eyJlMmJmYjczMC1lY2FhLTExZTYtOGY4OC0zNDM2M2JjN2M0YzAiOnsiY3JlYXRlIjozMDAwMDAwMDAwMCwidXBkYXRlIjozMDAwMDAwMDAwMH0sInNjaGVtYV92ZXJzaW9uIjoiMyJ9",
          "dependencies": [
            "aws_eip.node_eip",
            "aws_instance.node",
            "aws_key_pair.deployer",
            "aws_security_group.nodes_sg",
            "data.aws_subnet_ids.default",
            "data.aws_vpc.default"
          ]
        },
        {
          "index_key": 2,
          "schema_version": 3,
          "attributes": {
            "allow_overwrite": false,
            "comment": "",
            "content": "3.136.250.252",
            "created_on": "2025-02-06T19:59:46.306161Z",
            "data": [],
            "hostname": "coqnet3.l1launcher.com",
            "id": "b4cef77e5f8057bf4ce54070f48e040c",
            "metadata": {},
            "modified_on": "2025-02-06T19:59:46.306161Z",
            "name": "coqnet3.l1launcher.com",
            "priority": null,
            "proxiable": true,
            "proxied": false,
            "tags": null,
            "timeouts": null,
            "ttl": 300,
            "type": "A",
            "value": null,
            "zone_id": "bf77ec92e8637c2ddf663b0f81ef498e"
          },
          "sensitive_attributes": [],
          "private": "eyJlMmJmYjczMC1lY2FhLTExZTYtOGY4OC0zNDM2M2JjN2M0YzAiOnsiY3JlYXRlIjozMDAwMDAwMDAwMCwidXBkYXRlIjozMDAwMDAwMDAwMH0sInNjaGVtYV92ZXJzaW9uIjoiMyJ9",
          "dependencies": [
            "aws_eip.node_eip",
            "aws_instance.node",
            "aws_key_pair.deployer",
            "aws_security_group.nodes_sg",
            "data.aws_subnet_ids.default",
            "data.aws_vpc.default"
          ]
        }
      ]
    }
  ],
  "check_results": null
}
